
Microsoft Visual Studio Solution File, Format Version 12.00
# Visual Studio Version 17
VisualStudioVersion = 17.5.33516.290
MinimumVisualStudioVersion = 10.0.40219.1
Project("{FAE04EC0-301F-11D3-BF4B-00C04F79EFBC}") = "VarKeyword", "VarKeyword\VarKeyword.csproj", "{B06AAF55-D54E-4739-896A-84B6EB0FC595}"
EndProject
Global
	GlobalSection(SolutionConfigurationPlatforms) = preSolution
		Debug|Any CPU = Debug|Any CPU
		Release|Any CPU = Release|Any CPU
	EndGlobalSection
	GlobalSection(ProjectConfigurationPlatforms) = postSolution
		{B06AAF55-D54E-4739-896A-84B6EB0FC595}.Debug|Any CPU.ActiveCfg = Debug|Any CPU
		{B06AAF55-D54E-4739-896A-84B6EB0FC595}.Debug|Any CPU.Build.0 = Debug|Any CPU
		{B06AAF55-D54E-4739-896A-84B6EB0FC595}.Release|Any CPU.ActiveCfg = Release|Any CPU
		{B06AAF55-D54E-4739-896A-84B6EB0FC595}.Release|Any CPU.Build.0 = Release|Any CPU
	EndGlobalSection
	GlobalSection(SolutionProperties) = preSolution
		HideSolutionNode = FALSE
	EndGlobalSection
	GlobalSection(ExtensibilityGlobals) = postSolution
		SolutionGuid = {E7BE4E69-CF91-4BC0-AF9B-0921BD0FA88C}
	EndGlobalSection
EndGlobal
